// !$*UTF8*$!
{
	archiveVersion = 1;
	classes = {
	};
	objectVersion = 56;
	objects = {

/* Begin PBXBuildFile section */
		DD3653672B74318600E3ABEA /* ChefAIApp.swift in Sources */ = {isa = PBXBuildFile; fileRef = DD3653662B74318600E3ABEA /* ChefAIApp.swift */; };
		DD3653692B74318600E3ABEA /* ContentView.swift in Sources */ = {isa = PBXBuildFile; fileRef = DD3653682B74318600E3ABEA /* ContentView.swift */; };
		DD36536B2B74318800E3ABEA /* Assets.xcassets in Resources */ = {isa = PBXBuildFile; fileRef = DD36536A2B74318800E3ABEA /* Assets.xcassets */; };
		DD36536E2B74318800E3ABEA /* Preview Assets.xcassets in Resources */ = {isa = PBXBuildFile; fileRef = DD36536D2B74318800E3ABEA /* Preview Assets.xcassets */; };
		DDC71D1C2B74419D00A73333 /* HomeView.swift in Sources */ = {isa = PBXBuildFile; fileRef = DDC71D1B2B74419D00A73333 /* HomeView.swift */; };
		DDC71D1E2B7441C100A73333 /* RecipesView.swift in Sources */ = {isa = PBXBuildFile; fileRef = DDC71D1D2B7441C100A73333 /* RecipesView.swift */; };
		DDC71D202B7441D700A73333 /* InventoryView.swift in Sources */ = {isa = PBXBuildFile; fileRef = DDC71D1F2B7441D700A73333 /* InventoryView.swift */; };
		DDC71D242B74757400A73333 /* CameraScanner.swift in Sources */ = {isa = PBXBuildFile; fileRef = DDC71D232B74757400A73333 /* CameraScanner.swift */; };
		DDC71D262B7475B800A73333 /* CameraScannerViewController.swift in Sources */ = {isa = PBXBuildFile; fileRef = DDC71D252B7475B800A73333 /* CameraScannerViewController.swift */; };
		DDC71D2B2B7547C400A73333 /* InventoryViewModel.swift in Sources */ = {isa = PBXBuildFile; fileRef = DDC71D2A2B7547C400A73333 /* InventoryViewModel.swift */; };
		DDC71D2D2B754C8C00A73333 /* FoodItem.swift in Sources */ = {isa = PBXBuildFile; fileRef = DDC71D2C2B754C8C00A73333 /* FoodItem.swift */; };
		DDC71D322B75539F00A73333 /* SwiftUIFontIcon in Frameworks */ = {isa = PBXBuildFile; productRef = DDC71D312B75539F00A73333 /* SwiftUIFontIcon */; };
		DDC71D352B75548E00A73333 /* FoodItemComponent.swift in Sources */ = {isa = PBXBuildFile; fileRef = DDC71D342B75548E00A73333 /* FoodItemComponent.swift */; };
		DDC71D382B75597700A73333 /* FoodItemDetailView.swift in Sources */ = {isa = PBXBuildFile; fileRef = DDC71D372B75597700A73333 /* FoodItemDetailView.swift */; };
		DDC71D3A2B759C0200A73333 /* AddFoodItemModal.swift in Sources */ = {isa = PBXBuildFile; fileRef = DDC71D392B759C0200A73333 /* AddFoodItemModal.swift */; };
		DDC71D3C2B75FF2C00A73333 /* BarcodeLookupService.swift in Sources */ = {isa = PBXBuildFile; fileRef = DDC71D3B2B75FF2C00A73333 /* BarcodeLookupService.swift */; };
		DDC71D3E2B7713D100A73333 /* Product.swift in Sources */ = {isa = PBXBuildFile; fileRef = DDC71D3D2B7713D100A73333 /* Product.swift */; };
		DDC71D402B79D22100A73333 /* ProductDetailsView.swift in Sources */ = {isa = PBXBuildFile; fileRef = DDC71D3F2B79D22100A73333 /* ProductDetailsView.swift */; };
		DDC71D422B86791700A73333 /* MockData.swift in Sources */ = {isa = PBXBuildFile; fileRef = DDC71D412B86791700A73333 /* MockData.swift */; };
		DDC71D442B86832900A73333 /* FoodItemForm.swift in Sources */ = {isa = PBXBuildFile; fileRef = DDC71D432B86832900A73333 /* FoodItemForm.swift */; };
		DDC71D492B868CDA00A73333 /* RecipeComponent.swift in Sources */ = {isa = PBXBuildFile; fileRef = DDC71D482B868CDA00A73333 /* RecipeComponent.swift */; };
		DDC71D4B2B868D6000A73333 /* Recipe.swift in Sources */ = {isa = PBXBuildFile; fileRef = DDC71D4A2B868D6000A73333 /* Recipe.swift */; };
		DDC71D4D2B868E2D00A73333 /* RecipeDetailView.swift in Sources */ = {isa = PBXBuildFile; fileRef = DDC71D4C2B868E2D00A73333 /* RecipeDetailView.swift */; };
		DDC71D4F2B86912800A73333 /* RecipesViewModel.swift in Sources */ = {isa = PBXBuildFile; fileRef = DDC71D4E2B86912800A73333 /* RecipesViewModel.swift */; };
		DDC71D512B92A3C400A73333 /* GenerateRecipesModal.swift in Sources */ = {isa = PBXBuildFile; fileRef = DDC71D502B92A3C400A73333 /* GenerateRecipesModal.swift */; };
		DDC71D542B92A8A000A73333 /* GenerateRecipes.swift in Sources */ = {isa = PBXBuildFile; fileRef = DDC71D532B92A8A000A73333 /* GenerateRecipes.swift */; };
		DDC71D562B92B41C00A73333 /* OpenAIService.swift in Sources */ = {isa = PBXBuildFile; fileRef = DDC71D552B92B41C00A73333 /* OpenAIService.swift */; };
		DDC71D582B92B5C600A73333 /* Secrets.swift in Sources */ = {isa = PBXBuildFile; fileRef = DDC71D572B92B5C600A73333 /* Secrets.swift */; };
		DDC71D5A2B92D5A900A73333 /* .gitignore in Resources */ = {isa = PBXBuildFile; fileRef = DDC71D592B92D5A900A73333 /* .gitignore */; };
/* End PBXBuildFile section */

/* Begin PBXFileReference section */
		DD3653632B74318600E3ABEA /* ChefAI.app */ = {isa = PBXFileReference; explicitFileType = wrapper.application; includeInIndex = 0; path = ChefAI.app; sourceTree = BUILT_PRODUCTS_DIR; };
		DD3653662B74318600E3ABEA /* ChefAIApp.swift */ = {isa = PBXFileReference; lastKnownFileType = sourcecode.swift; path = ChefAIApp.swift; sourceTree = "<group>"; };
		DD3653682B74318600E3ABEA /* ContentView.swift */ = {isa = PBXFileReference; lastKnownFileType = sourcecode.swift; path = ContentView.swift; sourceTree = "<group>"; };
		DD36536A2B74318800E3ABEA /* Assets.xcassets */ = {isa = PBXFileReference; lastKnownFileType = folder.assetcatalog; path = Assets.xcassets; sourceTree = "<group>"; };
		DD36536D2B74318800E3ABEA /* Preview Assets.xcassets */ = {isa = PBXFileReference; lastKnownFileType = folder.assetcatalog; path = "Preview Assets.xcassets"; sourceTree = "<group>"; };
		DDC71D1B2B74419D00A73333 /* HomeView.swift */ = {isa = PBXFileReference; lastKnownFileType = sourcecode.swift; path = HomeView.swift; sourceTree = "<group>"; };
		DDC71D1D2B7441C100A73333 /* RecipesView.swift */ = {isa = PBXFileReference; lastKnownFileType = sourcecode.swift; path = RecipesView.swift; sourceTree = "<group>"; };
		DDC71D1F2B7441D700A73333 /* InventoryView.swift */ = {isa = PBXFileReference; lastKnownFileType = sourcecode.swift; path = InventoryView.swift; sourceTree = "<group>"; };
		DDC71D232B74757400A73333 /* CameraScanner.swift */ = {isa = PBXFileReference; lastKnownFileType = sourcecode.swift; path = CameraScanner.swift; sourceTree = "<group>"; };
		DDC71D252B7475B800A73333 /* CameraScannerViewController.swift */ = {isa = PBXFileReference; lastKnownFileType = sourcecode.swift; path = CameraScannerViewController.swift; sourceTree = "<group>"; };
		DDC71D2A2B7547C400A73333 /* InventoryViewModel.swift */ = {isa = PBXFileReference; lastKnownFileType = sourcecode.swift; path = InventoryViewModel.swift; sourceTree = "<group>"; };
		DDC71D2C2B754C8C00A73333 /* FoodItem.swift */ = {isa = PBXFileReference; lastKnownFileType = sourcecode.swift; path = FoodItem.swift; sourceTree = "<group>"; };
		DDC71D342B75548E00A73333 /* FoodItemComponent.swift */ = {isa = PBXFileReference; lastKnownFileType = sourcecode.swift; path = FoodItemComponent.swift; sourceTree = "<group>"; };
		DDC71D372B75597700A73333 /* FoodItemDetailView.swift */ = {isa = PBXFileReference; lastKnownFileType = sourcecode.swift; path = FoodItemDetailView.swift; sourceTree = "<group>"; };
		DDC71D392B759C0200A73333 /* AddFoodItemModal.swift */ = {isa = PBXFileReference; lastKnownFileType = sourcecode.swift; path = AddFoodItemModal.swift; sourceTree = "<group>"; };
		DDC71D3B2B75FF2C00A73333 /* BarcodeLookupService.swift */ = {isa = PBXFileReference; lastKnownFileType = sourcecode.swift; path = BarcodeLookupService.swift; sourceTree = "<group>"; };
		DDC71D3D2B7713D100A73333 /* Product.swift */ = {isa = PBXFileReference; lastKnownFileType = sourcecode.swift; path = Product.swift; sourceTree = "<group>"; };
		DDC71D3F2B79D22100A73333 /* ProductDetailsView.swift */ = {isa = PBXFileReference; lastKnownFileType = sourcecode.swift; path = ProductDetailsView.swift; sourceTree = "<group>"; };
		DDC71D412B86791700A73333 /* MockData.swift */ = {isa = PBXFileReference; lastKnownFileType = sourcecode.swift; path = MockData.swift; sourceTree = "<group>"; };
		DDC71D432B86832900A73333 /* FoodItemForm.swift */ = {isa = PBXFileReference; lastKnownFileType = sourcecode.swift; path = FoodItemForm.swift; sourceTree = "<group>"; };
		DDC71D482B868CDA00A73333 /* RecipeComponent.swift */ = {isa = PBXFileReference; lastKnownFileType = sourcecode.swift; path = RecipeComponent.swift; sourceTree = "<group>"; };
		DDC71D4A2B868D6000A73333 /* Recipe.swift */ = {isa = PBXFileReference; lastKnownFileType = sourcecode.swift; path = Recipe.swift; sourceTree = "<group>"; };
		DDC71D4C2B868E2D00A73333 /* RecipeDetailView.swift */ = {isa = PBXFileReference; lastKnownFileType = sourcecode.swift; path = RecipeDetailView.swift; sourceTree = "<group>"; };
		DDC71D4E2B86912800A73333 /* RecipesViewModel.swift */ = {isa = PBXFileReference; lastKnownFileType = sourcecode.swift; path = RecipesViewModel.swift; sourceTree = "<group>"; };
		DDC71D502B92A3C400A73333 /* GenerateRecipesModal.swift */ = {isa = PBXFileReference; lastKnownFileType = sourcecode.swift; path = GenerateRecipesModal.swift; sourceTree = "<group>"; };
		DDC71D532B92A8A000A73333 /* GenerateRecipes.swift */ = {isa = PBXFileReference; lastKnownFileType = sourcecode.swift; path = GenerateRecipes.swift; sourceTree = "<group>"; };
		DDC71D552B92B41C00A73333 /* OpenAIService.swift */ = {isa = PBXFileReference; lastKnownFileType = sourcecode.swift; path = OpenAIService.swift; sourceTree = "<group>"; };
		DDC71D572B92B5C600A73333 /* Secrets.swift */ = {isa = PBXFileReference; lastKnownFileType = sourcecode.swift; path = Secrets.swift; sourceTree = "<group>"; };
		DDC71D592B92D5A900A73333 /* .gitignore */ = {isa = PBXFileReference; lastKnownFileType = text; path = .gitignore; sourceTree = "<group>"; };
/* End PBXFileReference section */

/* Begin PBXFrameworksBuildPhase section */
		DD3653602B74318600E3ABEA /* Frameworks */ = {
			isa = PBXFrameworksBuildPhase;
			buildActionMask = 2147483647;
			files = (
				DDC71D322B75539F00A73333 /* SwiftUIFontIcon in Frameworks */,
			);
			runOnlyForDeploymentPostprocessing = 0;
		};
/* End PBXFrameworksBuildPhase section */

/* Begin PBXGroup section */
		DD36535A2B74318600E3ABEA = {
			isa = PBXGroup;
			children = (
				DDC71D592B92D5A900A73333 /* .gitignore */,
				DD3653652B74318600E3ABEA /* ChefAI */,
				DD3653642B74318600E3ABEA /* Products */,
			);
			sourceTree = "<group>";
		};
		DD3653642B74318600E3ABEA /* Products */ = {
			isa = PBXGroup;
			children = (
				DD3653632B74318600E3ABEA /* ChefAI.app */,
			);
			name = Products;
			sourceTree = "<group>";
		};
		DD3653652B74318600E3ABEA /* ChefAI */ = {
			isa = PBXGroup;
			children = (
				DDC71D412B86791700A73333 /* MockData.swift */,
				DDC71D452B868BB100A73333 /* Recipes */,
				DDC71D282B75476B00A73333 /* Inventory */,
				DDC71D272B7545FA00A73333 /* Scanner */,
				DD3653662B74318600E3ABEA /* ChefAIApp.swift */,
				DD3653682B74318600E3ABEA /* ContentView.swift */,
				DD36536A2B74318800E3ABEA /* Assets.xcassets */,
				DD36536C2B74318800E3ABEA /* Preview Content */,
				DDC71D1B2B74419D00A73333 /* HomeView.swift */,
				DDC71D572B92B5C600A73333 /* Secrets.swift */,
			);
			path = ChefAI;
			sourceTree = "<group>";
		};
		DD36536C2B74318800E3ABEA /* Preview Content */ = {
			isa = PBXGroup;
			children = (
				DD36536D2B74318800E3ABEA /* Preview Assets.xcassets */,
			);
			path = "Preview Content";
			sourceTree = "<group>";
		};
		DDC71D272B7545FA00A73333 /* Scanner */ = {
			isa = PBXGroup;
			children = (
				DDC71D3F2B79D22100A73333 /* ProductDetailsView.swift */,
				DDC71D252B7475B800A73333 /* CameraScannerViewController.swift */,
				DDC71D232B74757400A73333 /* CameraScanner.swift */,
				DDC71D3B2B75FF2C00A73333 /* BarcodeLookupService.swift */,
			);
			path = Scanner;
			sourceTree = "<group>";
		};
		DDC71D282B75476B00A73333 /* Inventory */ = {
			isa = PBXGroup;
			children = (
				DDC71D362B7555FD00A73333 /* Views */,
				DDC71D332B75547A00A73333 /* Components */,
				DDC71D2A2B7547C400A73333 /* InventoryViewModel.swift */,
				DDC71D2C2B754C8C00A73333 /* FoodItem.swift */,
				DDC71D3D2B7713D100A73333 /* Product.swift */,
			);
			path = Inventory;
			sourceTree = "<group>";
		};
		DDC71D332B75547A00A73333 /* Components */ = {
			isa = PBXGroup;
			children = (
				DDC71D342B75548E00A73333 /* FoodItemComponent.swift */,
				DDC71D432B86832900A73333 /* FoodItemForm.swift */,
			);
			path = Components;
			sourceTree = "<group>";
		};
		DDC71D362B7555FD00A73333 /* Views */ = {
			isa = PBXGroup;
			children = (
				DDC71D1F2B7441D700A73333 /* InventoryView.swift */,
				DDC71D372B75597700A73333 /* FoodItemDetailView.swift */,
				DDC71D392B759C0200A73333 /* AddFoodItemModal.swift */,
			);
			path = Views;
			sourceTree = "<group>";
		};
		DDC71D452B868BB100A73333 /* Recipes */ = {
			isa = PBXGroup;
			children = (
				DDC71D522B92A88700A73333 /* Services */,
				DDC71D472B868CC900A73333 /* Components */,
				DDC71D462B868C3D00A73333 /* Views */,
				DDC71D4A2B868D6000A73333 /* Recipe.swift */,
				DDC71D4E2B86912800A73333 /* RecipesViewModel.swift */,
			);
			path = Recipes;
			sourceTree = "<group>";
		};
		DDC71D462B868C3D00A73333 /* Views */ = {
			isa = PBXGroup;
			children = (
				DDC71D1D2B7441C100A73333 /* RecipesView.swift */,
				DDC71D4C2B868E2D00A73333 /* RecipeDetailView.swift */,
				DDC71D502B92A3C400A73333 /* GenerateRecipesModal.swift */,
			);
			path = Views;
			sourceTree = "<group>";
		};
		DDC71D472B868CC900A73333 /* Components */ = {
			isa = PBXGroup;
			children = (
				DDC71D482B868CDA00A73333 /* RecipeComponent.swift */,
			);
			path = Components;
			sourceTree = "<group>";
		};
		DDC71D522B92A88700A73333 /* Services */ = {
			isa = PBXGroup;
			children = (
				DDC71D532B92A8A000A73333 /* GenerateRecipes.swift */,
				DDC71D552B92B41C00A73333 /* OpenAIService.swift */,
			);
			path = Services;
			sourceTree = "<group>";
		};
/* End PBXGroup section */

/* Begin PBXNativeTarget section */
		DD3653622B74318600E3ABEA /* ChefAI */ = {
			isa = PBXNativeTarget;
			buildConfigurationList = DD3653712B74318800E3ABEA /* Build configuration list for PBXNativeTarget "ChefAI" */;
			buildPhases = (
				DD36535F2B74318600E3ABEA /* Sources */,
				DD3653602B74318600E3ABEA /* Frameworks */,
				DD3653612B74318600E3ABEA /* Resources */,
			);
			buildRules = (
			);
			dependencies = (
			);
			name = ChefAI;
			packageProductDependencies = (
				DDC71D312B75539F00A73333 /* SwiftUIFontIcon */,
			);
			productName = ChefAI;
			productReference = DD3653632B74318600E3ABEA /* ChefAI.app */;
			productType = "com.apple.product-type.application";
		};
/* End PBXNativeTarget section */

/* Begin PBXProject section */
		DD36535B2B74318600E3ABEA /* Project object */ = {
			isa = PBXProject;
			attributes = {
				BuildIndependentTargetsInParallel = 1;
				LastSwiftUpdateCheck = 1520;
				LastUpgradeCheck = 1520;
				TargetAttributes = {
					DD3653622B74318600E3ABEA = {
						CreatedOnToolsVersion = 15.2;
					};
				};
			};
			buildConfigurationList = DD36535E2B74318600E3ABEA /* Build configuration list for PBXProject "ChefAI" */;
			compatibilityVersion = "Xcode 14.0";
			developmentRegion = en;
			hasScannedForEncodings = 0;
			knownRegions = (
				en,
				Base,
			);
			mainGroup = DD36535A2B74318600E3ABEA;
			packageReferences = (
				DDC71D302B75539F00A73333 /* XCRemoteSwiftPackageReference "SwiftUIFontIcon" */,
			);
			productRefGroup = DD3653642B74318600E3ABEA /* Products */;
			projectDirPath = "";
			projectRoot = "";
			targets = (
				DD3653622B74318600E3ABEA /* ChefAI */,
			);
		};
/* End PBXProject section */

/* Begin PBXResourcesBuildPhase section */
		DD3653612B74318600E3ABEA /* Resources */ = {
			isa = PBXResourcesBuildPhase;
			buildActionMask = 2147483647;
			files = (
				DD36536E2B74318800E3ABEA /* Preview Assets.xcassets in Resources */,
				DDC71D5A2B92D5A900A73333 /* .gitignore in Resources */,
				DD36536B2B74318800E3ABEA /* Assets.xcassets in Resources */,
			);
			runOnlyForDeploymentPostprocessing = 0;
		};
/* End PBXResourcesBuildPhase section */

/* Begin PBXSourcesBuildPhase section */
		DD36535F2B74318600E3ABEA /* Sources */ = {
			isa = PBXSourcesBuildPhase;
			buildActionMask = 2147483647;
			files = (
				DDC71D1C2B74419D00A73333 /* HomeView.swift in Sources */,
				DDC71D382B75597700A73333 /* FoodItemDetailView.swift in Sources */,
				DDC71D262B7475B800A73333 /* CameraScannerViewController.swift in Sources */,
				DDC71D442B86832900A73333 /* FoodItemForm.swift in Sources */,
				DDC71D542B92A8A000A73333 /* GenerateRecipes.swift in Sources */,
				DD3653692B74318600E3ABEA /* ContentView.swift in Sources */,
				DDC71D242B74757400A73333 /* CameraScanner.swift in Sources */,
				DDC71D352B75548E00A73333 /* FoodItemComponent.swift in Sources */,
				DDC71D2D2B754C8C00A73333 /* FoodItem.swift in Sources */,
				DDC71D202B7441D700A73333 /* InventoryView.swift in Sources */,
				DDC71D2B2B7547C400A73333 /* InventoryViewModel.swift in Sources */,
				DDC71D562B92B41C00A73333 /* OpenAIService.swift in Sources */,
				DDC71D3A2B759C0200A73333 /* AddFoodItemModal.swift in Sources */,
				DDC71D4D2B868E2D00A73333 /* RecipeDetailView.swift in Sources */,
				DDC71D4F2B86912800A73333 /* RecipesViewModel.swift in Sources */,
				DDC71D1E2B7441C100A73333 /* RecipesView.swift in Sources */,
				DDC71D582B92B5C600A73333 /* Secrets.swift in Sources */,
				DDC71D512B92A3C400A73333 /* GenerateRecipesModal.swift in Sources */,
				DDC71D3C2B75FF2C00A73333 /* BarcodeLookupService.swift in Sources */,
				DDC71D492B868CDA00A73333 /* RecipeComponent.swift in Sources */,
				DD3653672B74318600E3ABEA /* ChefAIApp.swift in Sources */,
				DDC71D422B86791700A73333 /* MockData.swift in Sources */,
				DDC71D4B2B868D6000A73333 /* Recipe.swift in Sources */,
				DDC71D3E2B7713D100A73333 /* Product.swift in Sources */,
				DDC71D402B79D22100A73333 /* ProductDetailsView.swift in Sources */,
			);
			runOnlyForDeploymentPostprocessing = 0;
		};
/* End PBXSourcesBuildPhase section */

/* Begin XCBuildConfiguration section */
		DD36536F2B74318800E3ABEA /* Debug */ = {
			isa = XCBuildConfiguration;
			buildSettings = {
				ALWAYS_SEARCH_USER_PATHS = NO;
				ASSETCATALOG_COMPILER_GENERATE_SWIFT_ASSET_SYMBOL_EXTENSIONS = YES;
				CLANG_ANALYZER_NONNULL = YES;
				CLANG_ANALYZER_NUMBER_OBJECT_CONVERSION = YES_AGGRESSIVE;
				CLANG_CXX_LANGUAGE_STANDARD = "gnu++20";
				CLANG_ENABLE_MODULES = YES;
				CLANG_ENABLE_OBJC_ARC = YES;
				CLANG_ENABLE_OBJC_WEAK = YES;
				CLANG_WARN_BLOCK_CAPTURE_AUTORELEASING = YES;
				CLANG_WARN_BOOL_CONVERSION = YES;
				CLANG_WARN_COMMA = YES;
				CLANG_WARN_CONSTANT_CONVERSION = YES;
				CLANG_WARN_DEPRECATED_OBJC_IMPLEMENTATIONS = YES;
				CLANG_WARN_DIRECT_OBJC_ISA_USAGE = YES_ERROR;
				CLANG_WARN_DOCUMENTATION_COMMENTS = YES;
				CLANG_WARN_EMPTY_BODY = YES;
				CLANG_WARN_ENUM_CONVERSION = YES;
				CLANG_WARN_INFINITE_RECURSION = YES;
				CLANG_WARN_INT_CONVERSION = YES;
				CLANG_WARN_NON_LITERAL_NULL_CONVERSION = YES;
				CLANG_WARN_OBJC_IMPLICIT_RETAIN_SELF = YES;
				CLANG_WARN_OBJC_LITERAL_CONVERSION = YES;
				CLANG_WARN_OBJC_ROOT_CLASS = YES_ERROR;
				CLANG_WARN_QUOTED_INCLUDE_IN_FRAMEWORK_HEADER = YES;
				CLANG_WARN_RANGE_LOOP_ANALYSIS = YES;
				CLANG_WARN_STRICT_PROTOTYPES = YES;
				CLANG_WARN_SUSPICIOUS_MOVE = YES;
				CLANG_WARN_UNGUARDED_AVAILABILITY = YES_AGGRESSIVE;
				CLANG_WARN_UNREACHABLE_CODE = YES;
				CLANG_WARN__DUPLICATE_METHOD_MATCH = YES;
				COPY_PHASE_STRIP = NO;
				DEBUG_INFORMATION_FORMAT = dwarf;
				ENABLE_STRICT_OBJC_MSGSEND = YES;
				ENABLE_TESTABILITY = YES;
				ENABLE_USER_SCRIPT_SANDBOXING = YES;
				GCC_C_LANGUAGE_STANDARD = gnu17;
				GCC_DYNAMIC_NO_PIC = NO;
				GCC_NO_COMMON_BLOCKS = YES;
				GCC_OPTIMIZATION_LEVEL = 0;
				GCC_PREPROCESSOR_DEFINITIONS = (
					"DEBUG=1",
					"$(inherited)",
				);
				GCC_WARN_64_TO_32_BIT_CONVERSION = YES;
				GCC_WARN_ABOUT_RETURN_TYPE = YES_ERROR;
				GCC_WARN_UNDECLARED_SELECTOR = YES;
				GCC_WARN_UNINITIALIZED_AUTOS = YES_AGGRESSIVE;
				GCC_WARN_UNUSED_FUNCTION = YES;
				GCC_WARN_UNUSED_VARIABLE = YES;
				IPHONEOS_DEPLOYMENT_TARGET = 17.2;
				LOCALIZATION_PREFERS_STRING_CATALOGS = YES;
				MTL_ENABLE_DEBUG_INFO = INCLUDE_SOURCE;
				MTL_FAST_MATH = YES;
				ONLY_ACTIVE_ARCH = YES;
				SDKROOT = iphoneos;
				SWIFT_ACTIVE_COMPILATION_CONDITIONS = "DEBUG $(inherited)";
				SWIFT_OPTIMIZATION_LEVEL = "-Onone";
			};
			name = Debug;
		};
		DD3653702B74318800E3ABEA /* Release */ = {
			isa = XCBuildConfiguration;
			buildSettings = {
				ALWAYS_SEARCH_USER_PATHS = NO;
				ASSETCATALOG_COMPILER_GENERATE_SWIFT_ASSET_SYMBOL_EXTENSIONS = YES;
				CLANG_ANALYZER_NONNULL = YES;
				CLANG_ANALYZER_NUMBER_OBJECT_CONVERSION = YES_AGGRESSIVE;
				CLANG_CXX_LANGUAGE_STANDARD = "gnu++20";
				CLANG_ENABLE_MODULES = YES;
				CLANG_ENABLE_OBJC_ARC = YES;
				CLANG_ENABLE_OBJC_WEAK = YES;
				CLANG_WARN_BLOCK_CAPTURE_AUTORELEASING = YES;
				CLANG_WARN_BOOL_CONVERSION = YES;
				CLANG_WARN_COMMA = YES;
				CLANG_WARN_CONSTANT_CONVERSION = YES;
				CLANG_WARN_DEPRECATED_OBJC_IMPLEMENTATIONS = YES;
				CLANG_WARN_DIRECT_OBJC_ISA_USAGE = YES_ERROR;
				CLANG_WARN_DOCUMENTATION_COMMENTS = YES;
				CLANG_WARN_EMPTY_BODY = YES;
				CLANG_WARN_ENUM_CONVERSION = YES;
				CLANG_WARN_INFINITE_RECURSION = YES;
				CLANG_WARN_INT_CONVERSION = YES;
				CLANG_WARN_NON_LITERAL_NULL_CONVERSION = YES;
				CLANG_WARN_OBJC_IMPLICIT_RETAIN_SELF = YES;
				CLANG_WARN_OBJC_LITERAL_CONVERSION = YES;
				CLANG_WARN_OBJC_ROOT_CLASS = YES_ERROR;
				CLANG_WARN_QUOTED_INCLUDE_IN_FRAMEWORK_HEADER = YES;
				CLANG_WARN_RANGE_LOOP_ANALYSIS = YES;
				CLANG_WARN_STRICT_PROTOTYPES = YES;
				CLANG_WARN_SUSPICIOUS_MOVE = YES;
				CLANG_WARN_UNGUARDED_AVAILABILITY = YES_AGGRESSIVE;
				CLANG_WARN_UNREACHABLE_CODE = YES;
				CLANG_WARN__DUPLICATE_METHOD_MATCH = YES;
				COPY_PHASE_STRIP = NO;
				DEBUG_INFORMATION_FORMAT = "dwarf-with-dsym";
				ENABLE_NS_ASSERTIONS = NO;
				ENABLE_STRICT_OBJC_MSGSEND = YES;
				ENABLE_USER_SCRIPT_SANDBOXING = YES;
				GCC_C_LANGUAGE_STANDARD = gnu17;
				GCC_NO_COMMON_BLOCKS = YES;
				GCC_WARN_64_TO_32_BIT_CONVERSION = YES;
				GCC_WARN_ABOUT_RETURN_TYPE = YES_ERROR;
				GCC_WARN_UNDECLARED_SELECTOR = YES;
				GCC_WARN_UNINITIALIZED_AUTOS = YES_AGGRESSIVE;
				GCC_WARN_UNUSED_FUNCTION = YES;
				GCC_WARN_UNUSED_VARIABLE = YES;
				IPHONEOS_DEPLOYMENT_TARGET = 17.2;
				LOCALIZATION_PREFERS_STRING_CATALOGS = YES;
				MTL_ENABLE_DEBUG_INFO = NO;
				MTL_FAST_MATH = YES;
				SDKROOT = iphoneos;
				SWIFT_COMPILATION_MODE = wholemodule;
				VALIDATE_PRODUCT = YES;
			};
			name = Release;
		};
		DD3653722B74318800E3ABEA /* Debug */ = {
			isa = XCBuildConfiguration;
			buildSettings = {
				ASSETCATALOG_COMPILER_APPICON_NAME = AppIcon;
				ASSETCATALOG_COMPILER_GLOBAL_ACCENT_COLOR_NAME = AccentColor;
				CODE_SIGN_STYLE = Automatic;
				CURRENT_PROJECT_VERSION = 1;
				DEVELOPMENT_ASSET_PATHS = "\"ChefAI/Preview Content\"";
				DEVELOPMENT_TEAM = A3FSPGZQK8;
				ENABLE_PREVIEWS = YES;
				GENERATE_INFOPLIST_FILE = YES;
				INFOPLIST_KEY_NSCameraUsageDescription = "Your camera is used to scan text and codes.";
				INFOPLIST_KEY_UIApplicationSceneManifest_Generation = YES;
				INFOPLIST_KEY_UIApplicationSupportsIndirectInputEvents = YES;
				INFOPLIST_KEY_UILaunchScreen_Generation = YES;
				INFOPLIST_KEY_UISupportedInterfaceOrientations_iPad = "UIInterfaceOrientationPortrait UIInterfaceOrientationPortraitUpsideDown UIInterfaceOrientationLandscapeLeft UIInterfaceOrientationLandscapeRight";
				INFOPLIST_KEY_UISupportedInterfaceOrientations_iPhone = "UIInterfaceOrientationPortrait UIInterfaceOrientationLandscapeLeft UIInterfaceOrientationLandscapeRight";
				IPHONEOS_DEPLOYMENT_TARGET = 16.6;
				LD_RUNPATH_SEARCH_PATHS = (
					"$(inherited)",
					"@executable_path/Frameworks",
				);
				MARKETING_VERSION = 1.0;
				PRODUCT_BUNDLE_IDENTIFIER = olti.swift.ChefAI;
				PRODUCT_NAME = "$(TARGET_NAME)";
				SWIFT_EMIT_LOC_STRINGS = YES;
				SWIFT_VERSION = 5.0;
				TARGETED_DEVICE_FAMILY = "1,2";
			};
			name = Debug;
		};
		DD3653732B74318800E3ABEA /* Release */ = {
			isa = XCBuildConfiguration;
			buildSettings = {
				ASSETCATALOG_COMPILER_APPICON_NAME = AppIcon;
				ASSETCATALOG_COMPILER_GLOBAL_ACCENT_COLOR_NAME = AccentColor;
				CODE_SIGN_STYLE = Automatic;
				CURRENT_PROJECT_VERSION = 1;
				DEVELOPMENT_ASSET_PATHS = "\"ChefAI/Preview Content\"";
				DEVELOPMENT_TEAM = A3FSPGZQK8;
				ENABLE_PREVIEWS = YES;
				GENERATE_INFOPLIST_FILE = YES;
				INFOPLIST_KEY_NSCameraUsageDescription = "Your camera is used to scan text and codes.";
				INFOPLIST_KEY_UIApplicationSceneManifest_Generation = YES;
				INFOPLIST_KEY_UIApplicationSupportsIndirectInputEvents = YES;
				INFOPLIST_KEY_UILaunchScreen_Generation = YES;
				INFOPLIST_KEY_UISupportedInterfaceOrientations_iPad = "UIInterfaceOrientationPortrait UIInterfaceOrientationPortraitUpsideDown UIInterfaceOrientationLandscapeLeft UIInterfaceOrientationLandscapeRight";
				INFOPLIST_KEY_UISupportedInterfaceOrientations_iPhone = "UIInterfaceOrientationPortrait UIInterfaceOrientationLandscapeLeft UIInterfaceOrientationLandscapeRight";
				IPHONEOS_DEPLOYMENT_TARGET = 16.6;
				LD_RUNPATH_SEARCH_PATHS = (
					"$(inherited)",
					"@executable_path/Frameworks",
				);
				MARKETING_VERSION = 1.0;
				PRODUCT_BUNDLE_IDENTIFIER = olti.swift.ChefAI;
				PRODUCT_NAME = "$(TARGET_NAME)";
				SWIFT_EMIT_LOC_STRINGS = YES;
				SWIFT_VERSION = 5.0;
				TARGETED_DEVICE_FAMILY = "1,2";
			};
			name = Release;
		};
/* End XCBuildConfiguration section */

/* Begin XCConfigurationList section */
		DD36535E2B74318600E3ABEA /* Build configuration list for PBXProject "ChefAI" */ = {
			isa = XCConfigurationList;
			buildConfigurations = (
				DD36536F2B74318800E3ABEA /* Debug */,
				DD3653702B74318800E3ABEA /* Release */,
			);
			defaultConfigurationIsVisible = 0;
			defaultConfigurationName = Release;
		};
		DD3653712B74318800E3ABEA /* Build configuration list for PBXNativeTarget "ChefAI" */ = {
			isa = XCConfigurationList;
			buildConfigurations = (
				DD3653722B74318800E3ABEA /* Debug */,
				DD3653732B74318800E3ABEA /* Release */,
			);
			defaultConfigurationIsVisible = 0;
			defaultConfigurationName = Release;
		};
/* End XCConfigurationList section */

/* Begin XCRemoteSwiftPackageReference section */
		DDC71D302B75539F00A73333 /* XCRemoteSwiftPackageReference "SwiftUIFontIcon" */ = {
			isa = XCRemoteSwiftPackageReference;
			repositoryURL = "https://github.com/huybuidac/SwiftUIFontIcon";
			requirement = {
				kind = upToNextMajorVersion;
				minimumVersion = 2.1.0;
			};
		};
/* End XCRemoteSwiftPackageReference section */

/* Begin XCSwiftPackageProductDependency section */
		DDC71D312B75539F00A73333 /* SwiftUIFontIcon */ = {
			isa = XCSwiftPackageProductDependency;
			package = DDC71D302B75539F00A73333 /* XCRemoteSwiftPackageReference "SwiftUIFontIcon" */;
			productName = SwiftUIFontIcon;
		};
/* End XCSwiftPackageProductDependency section */
	};
	rootObject = DD36535B2B74318600E3ABEA /* Project object */;
}
